
Microsoft Visual Studio Solution File, Format Version 12.00
# Visual Studio 2010
Project("{FAE04EC0-301F-11D3-BF4B-00C04F79EFBC}") = "CDT", "CDT\CDT.csproj", "{A48C0424-B640-40F9-9F72-9D96667B6160}"
EndProject
Project("{FAE04EC0-301F-11D3-BF4B-00C04F79EFBC}") = "XuLyBGDS", "XuLyBGDS\XuLyBGDS.csproj", "{28918CA3-3EB9-4B2C-8593-0532B37744F2}"
EndProject
Project("{FAE04EC0-301F-11D3-BF4B-00C04F79EFBC}") = "XuLyBG", "XuLyBG\XuLyBG.csproj", "{DD8A5E39-100F-473D-A08D-F973823CD646}"
EndProject
Project("{FAE04EC0-301F-11D3-BF4B-00C04F79EFBC}") = "KTXPhoi", "KTXPhoi\KTXPhoi.csproj", "{223D44E8-9282-472E-849F-0AD51E845487}"
EndProject
Project("{FAE04EC0-301F-11D3-BF4B-00C04F79EFBC}") = "KTNPhoi", "KTNPhoi\KTNPhoi.csproj", "{E13582AB-EFFF-4A84-B29B-40A032706EBF}"
EndProject
Project("{FAE04EC0-301F-11D3-BF4B-00C04F79EFBC}") = "NPhoiLSX", "NPhoiLSX\NPhoiLSX.csproj", "{FD46D584-56F0-49B4-881A-24DEDEF317A3}"
EndProject
Project("{FAE04EC0-301F-11D3-BF4B-00C04F79EFBC}") = "LayDH", "LayDH\LayDH.csproj", "{6DA209A3-62A9-454D-8C8F-5B346DBBAB85}"
EndProject
Project("{FAE04EC0-301F-11D3-BF4B-00C04F79EFBC}") = "KTraNhapTP", "KTraNhapTP\KTraNhapTP.csproj", "{D48499AA-03FC-4AD4-A3F9-F25F8775FDA1}"
EndProject
Project("{FAE04EC0-301F-11D3-BF4B-00C04F79EFBC}") = "LayLSX", "LayLSX\LayLSX.csproj", "{55046E9A-9A2D-44B8-AA39-2B3C19655425}"
EndProject
Global
	GlobalSection(SolutionConfigurationPlatforms) = preSolution
		Debug|Any CPU = Debug|Any CPU
		Release|Any CPU = Release|Any CPU
	EndGlobalSection
	GlobalSection(ProjectConfigurationPlatforms) = postSolution
		{A48C0424-B640-40F9-9F72-9D96667B6160}.Debug|Any CPU.ActiveCfg = Debug|Any CPU
		{A48C0424-B640-40F9-9F72-9D96667B6160}.Debug|Any CPU.Build.0 = Debug|Any CPU
		{A48C0424-B640-40F9-9F72-9D96667B6160}.Release|Any CPU.ActiveCfg = Release|Any CPU
		{A48C0424-B640-40F9-9F72-9D96667B6160}.Release|Any CPU.Build.0 = Release|Any CPU
		{28918CA3-3EB9-4B2C-8593-0532B37744F2}.Debug|Any CPU.ActiveCfg = Debug|Any CPU
		{28918CA3-3EB9-4B2C-8593-0532B37744F2}.Debug|Any CPU.Build.0 = Debug|Any CPU
		{28918CA3-3EB9-4B2C-8593-0532B37744F2}.Release|Any CPU.ActiveCfg = Release|Any CPU
		{28918CA3-3EB9-4B2C-8593-0532B37744F2}.Release|Any CPU.Build.0 = Release|Any CPU
		{DD8A5E39-100F-473D-A08D-F973823CD646}.Debug|Any CPU.ActiveCfg = Debug|Any CPU
		{DD8A5E39-100F-473D-A08D-F973823CD646}.Debug|Any CPU.Build.0 = Debug|Any CPU
		{DD8A5E39-100F-473D-A08D-F973823CD646}.Release|Any CPU.ActiveCfg = Release|Any CPU
		{DD8A5E39-100F-473D-A08D-F973823CD646}.Release|Any CPU.Build.0 = Release|Any CPU
		{223D44E8-9282-472E-849F-0AD51E845487}.Debug|Any CPU.ActiveCfg = Debug|Any CPU
		{223D44E8-9282-472E-849F-0AD51E845487}.Debug|Any CPU.Build.0 = Debug|Any CPU
		{223D44E8-9282-472E-849F-0AD51E845487}.Release|Any CPU.ActiveCfg = Release|Any CPU
		{223D44E8-9282-472E-849F-0AD51E845487}.Release|Any CPU.Build.0 = Release|Any CPU
		{E13582AB-EFFF-4A84-B29B-40A032706EBF}.Debug|Any CPU.ActiveCfg = Debug|Any CPU
		{E13582AB-EFFF-4A84-B29B-40A032706EBF}.Debug|Any CPU.Build.0 = Debug|Any CPU
		{E13582AB-EFFF-4A84-B29B-40A032706EBF}.Release|Any CPU.ActiveCfg = Release|Any CPU
		{E13582AB-EFFF-4A84-B29B-40A032706EBF}.Release|Any CPU.Build.0 = Release|Any CPU
		{FD46D584-56F0-49B4-881A-24DEDEF317A3}.Debug|Any CPU.ActiveCfg = Debug|Any CPU
		{FD46D584-56F0-49B4-881A-24DEDEF317A3}.Debug|Any CPU.Build.0 = Debug|Any CPU
		{FD46D584-56F0-49B4-881A-24DEDEF317A3}.Release|Any CPU.ActiveCfg = Release|Any CPU
		{FD46D584-56F0-49B4-881A-24DEDEF317A3}.Release|Any CPU.Build.0 = Release|Any CPU
		{6DA209A3-62A9-454D-8C8F-5B346DBBAB85}.Debug|Any CPU.ActiveCfg = Debug|Any CPU
		{6DA209A3-62A9-454D-8C8F-5B346DBBAB85}.Debug|Any CPU.Build.0 = Debug|Any CPU
		{6DA209A3-62A9-454D-8C8F-5B346DBBAB85}.Release|Any CPU.ActiveCfg = Release|Any CPU
		{6DA209A3-62A9-454D-8C8F-5B346DBBAB85}.Release|Any CPU.Build.0 = Release|Any CPU
		{D48499AA-03FC-4AD4-A3F9-F25F8775FDA1}.Debug|Any CPU.ActiveCfg = Debug|Any CPU
		{D48499AA-03FC-4AD4-A3F9-F25F8775FDA1}.Debug|Any CPU.Build.0 = Debug|Any CPU
		{D48499AA-03FC-4AD4-A3F9-F25F8775FDA1}.Release|Any CPU.ActiveCfg = Release|Any CPU
		{D48499AA-03FC-4AD4-A3F9-F25F8775FDA1}.Release|Any CPU.Build.0 = Release|Any CPU
		{55046E9A-9A2D-44B8-AA39-2B3C19655425}.Debug|Any CPU.ActiveCfg = Debug|Any CPU
		{55046E9A-9A2D-44B8-AA39-2B3C19655425}.Debug|Any CPU.Build.0 = Debug|Any CPU
		{55046E9A-9A2D-44B8-AA39-2B3C19655425}.Release|Any CPU.ActiveCfg = Release|Any CPU
		{55046E9A-9A2D-44B8-AA39-2B3C19655425}.Release|Any CPU.Build.0 = Release|Any CPU
	EndGlobalSection
	GlobalSection(SolutionProperties) = preSolution
		HideSolutionNode = FALSE
	EndGlobalSection
EndGlobal
