
Microsoft Visual Studio Solution File, Format Version 9.00
# Visual Studio 2005
Project("{FAE04EC0-301F-11D3-BF4B-00C04F79EFBC}") = "LayLSX", "LayLSX.csproj", "{55046E9A-9A2D-44B8-AA39-2B3C19655425}"
EndProject
Global
	GlobalSection(SolutionConfigurationPlatforms) = preSolution
		Debug|Any CPU = Debug|Any CPU
		Release|Any CPU = Release|Any CPU
	EndGlobalSection
	GlobalSection(ProjectConfigurationPlatforms) = postSolution
		{55046E9A-9A2D-44B8-AA39-2B3C19655425}.Debug|Any CPU.ActiveCfg = Debug|Any CPU
		{55046E9A-9A2D-44B8-AA39-2B3C19655425}.Debug|Any CPU.Build.0 = Debug|Any CPU
		{55046E9A-9A2D-44B8-AA39-2B3C19655425}.Release|Any CPU.ActiveCfg = Release|Any CPU
		{55046E9A-9A2D-44B8-AA39-2B3C19655425}.Release|Any CPU.Build.0 = Release|Any CPU
	EndGlobalSection
	GlobalSection(SolutionProperties) = preSolution
		HideSolutionNode = FALSE
	EndGlobalSection
EndGlobal
